
Microsoft Visual Studio Solution File, Format Version 12.00
# Visual Studio Version 17
VisualStudioVersion = 17.14.36429.23
MinimumVisualStudioVersion = 10.0.40219.1
Project("{FAE04EC0-301F-11D3-BF4B-00C04F79EFBC}") = "FaceMachine.Core", "FaceMachine.Core\FaceMachine.Core.csproj", "{48F43BA8-70A0-485B-8500-4D72EAD88C76}"
EndProject
Project("{FAE04EC0-301F-11D3-BF4B-00C04F79EFBC}") = "AgentConsumer", "AgentConsumer\AgentConsumer.csproj", "{DD376CBD-1B0B-4A70-B2AD-A9A0BF0BEC92}"
EndProject
Project("{FAE04EC0-301F-11D3-BF4B-00C04F79EFBC}") = "Face_web", "Face_web\Face_web.csproj", "{B440BC59-62E4-4B8B-A5E8-F8ABE0FD5296}"
EndProject
Global
	GlobalSection(SolutionConfigurationPlatforms) = preSolution
		Debug|Any CPU = Debug|Any CPU
		Release|Any CPU = Release|Any CPU
	EndGlobalSection
	GlobalSection(ProjectConfigurationPlatforms) = postSolution
		{48F43BA8-70A0-485B-8500-4D72EAD88C76}.Debug|Any CPU.ActiveCfg = Debug|Any CPU
		{48F43BA8-70A0-485B-8500-4D72EAD88C76}.Debug|Any CPU.Build.0 = Debug|Any CPU
		{48F43BA8-70A0-485B-8500-4D72EAD88C76}.Release|Any CPU.ActiveCfg = Release|Any CPU
		{48F43BA8-70A0-485B-8500-4D72EAD88C76}.Release|Any CPU.Build.0 = Release|Any CPU
		{DD376CBD-1B0B-4A70-B2AD-A9A0BF0BEC92}.Debug|Any CPU.ActiveCfg = Debug|Any CPU
		{DD376CBD-1B0B-4A70-B2AD-A9A0BF0BEC92}.Debug|Any CPU.Build.0 = Debug|Any CPU
		{DD376CBD-1B0B-4A70-B2AD-A9A0BF0BEC92}.Release|Any CPU.ActiveCfg = Release|Any CPU
		{DD376CBD-1B0B-4A70-B2AD-A9A0BF0BEC92}.Release|Any CPU.Build.0 = Release|Any CPU
		{B440BC59-62E4-4B8B-A5E8-F8ABE0FD5296}.Debug|Any CPU.ActiveCfg = Debug|Any CPU
		{B440BC59-62E4-4B8B-A5E8-F8ABE0FD5296}.Debug|Any CPU.Build.0 = Debug|Any CPU
		{B440BC59-62E4-4B8B-A5E8-F8ABE0FD5296}.Release|Any CPU.ActiveCfg = Release|Any CPU
		{B440BC59-62E4-4B8B-A5E8-F8ABE0FD5296}.Release|Any CPU.Build.0 = Release|Any CPU
	EndGlobalSection
	GlobalSection(SolutionProperties) = preSolution
		HideSolutionNode = FALSE
	EndGlobalSection
	GlobalSection(ExtensibilityGlobals) = postSolution
		SolutionGuid = {D0CA4E0F-D99D-4F47-8631-8E0926D2EBBC}
	EndGlobalSection
EndGlobal
